
Microsoft Visual Studio Solution File, Format Version 12.00
# Visual Studio Version 17
VisualStudioVersion = 17.10.35013.160
MinimumVisualStudioVersion = 10.0.40219.1
Project("{9A19103F-16F7-4668-BE54-9A1E7A4F7556}") = "ToDoApp.Api", "ToDoApp.Server\ToDoApp.Api.csproj", "{4FDE59F7-B4F2-49F4-9781-B7779EAD1A11}"
EndProject
Project("{54A90642-561A-4BB1-A94E-469ADEE60C69}") = "ToDoApp.Web", "todoapp.client\ToDoApp.Web.esproj", "{5F8EE2E2-8D8F-4348-9CD5-B45E98CA41FF}"
EndProject
Project("{FAE04EC0-301F-11D3-BF4B-00C04F79EFBC}") = "ToDoApp.Data", "ToDoApp.Data\ToDoApp.Data.csproj", "{876A3623-FACE-423B-91D3-1F1D48652210}"
EndProject
Project("{FAE04EC0-301F-11D3-BF4B-00C04F79EFBC}") = "ToDoApp.Service", "ToDoApp.Service\ToDoApp.Service.csproj", "{3AE6E4BD-F32F-4E07-95AB-9E97A562A5E4}"
EndProject
Global
	GlobalSection(SolutionConfigurationPlatforms) = preSolution
		Debug|Any CPU = Debug|Any CPU
		Release|Any CPU = Release|Any CPU
	EndGlobalSection
	GlobalSection(ProjectConfigurationPlatforms) = postSolution
		{4FDE59F7-B4F2-49F4-9781-B7779EAD1A11}.Debug|Any CPU.ActiveCfg = Debug|Any CPU
		{4FDE59F7-B4F2-49F4-9781-B7779EAD1A11}.Debug|Any CPU.Build.0 = Debug|Any CPU
		{4FDE59F7-B4F2-49F4-9781-B7779EAD1A11}.Release|Any CPU.ActiveCfg = Release|Any CPU
		{4FDE59F7-B4F2-49F4-9781-B7779EAD1A11}.Release|Any CPU.Build.0 = Release|Any CPU
		{5F8EE2E2-8D8F-4348-9CD5-B45E98CA41FF}.Debug|Any CPU.ActiveCfg = Debug|Any CPU
		{5F8EE2E2-8D8F-4348-9CD5-B45E98CA41FF}.Debug|Any CPU.Build.0 = Debug|Any CPU
		{5F8EE2E2-8D8F-4348-9CD5-B45E98CA41FF}.Debug|Any CPU.Deploy.0 = Debug|Any CPU
		{5F8EE2E2-8D8F-4348-9CD5-B45E98CA41FF}.Release|Any CPU.ActiveCfg = Release|Any CPU
		{5F8EE2E2-8D8F-4348-9CD5-B45E98CA41FF}.Release|Any CPU.Build.0 = Release|Any CPU
		{5F8EE2E2-8D8F-4348-9CD5-B45E98CA41FF}.Release|Any CPU.Deploy.0 = Release|Any CPU
		{876A3623-FACE-423B-91D3-1F1D48652210}.Debug|Any CPU.ActiveCfg = Debug|Any CPU
		{876A3623-FACE-423B-91D3-1F1D48652210}.Debug|Any CPU.Build.0 = Debug|Any CPU
		{876A3623-FACE-423B-91D3-1F1D48652210}.Release|Any CPU.ActiveCfg = Release|Any CPU
		{876A3623-FACE-423B-91D3-1F1D48652210}.Release|Any CPU.Build.0 = Release|Any CPU
		{3AE6E4BD-F32F-4E07-95AB-9E97A562A5E4}.Debug|Any CPU.ActiveCfg = Debug|Any CPU
		{3AE6E4BD-F32F-4E07-95AB-9E97A562A5E4}.Debug|Any CPU.Build.0 = Debug|Any CPU
		{3AE6E4BD-F32F-4E07-95AB-9E97A562A5E4}.Release|Any CPU.ActiveCfg = Release|Any CPU
		{3AE6E4BD-F32F-4E07-95AB-9E97A562A5E4}.Release|Any CPU.Build.0 = Release|Any CPU
	EndGlobalSection
	GlobalSection(SolutionProperties) = preSolution
		HideSolutionNode = FALSE
	EndGlobalSection
	GlobalSection(ExtensibilityGlobals) = postSolution
		SolutionGuid = {88AE67D6-61BD-4FB0-BBF3-D2C4CFCA57C4}
	EndGlobalSection
EndGlobal
